
Microsoft Visual Studio Solution File, Format Version 12.00
# Visual Studio 15
VisualStudioVersion = 15.0.27130.2036
MinimumVisualStudioVersion = 10.0.40219.1
Project("{FAE04EC0-301F-11D3-BF4B-00C04F79EFBC}") = "Library", "Library\Library.csproj", "{D3B35948-724D-461B-811A-68CC436394B8}"
EndProject
Project("{2150E333-8FDC-42A3-9474-1A3956D46DE8}") = "src", "src", "{EB778074-BF7E-446C-B99D-F573E3D63BAE}"
EndProject
Project("{2150E333-8FDC-42A3-9474-1A3956D46DE8}") = "test", "test", "{A9C5163A-750B-47B0-AC58-9A7B21ED369D}"
EndProject
Global
	GlobalSection(SolutionConfigurationPlatforms) = preSolution
		Debug|Any CPU = Debug|Any CPU
		Release|Any CPU = Release|Any CPU
	EndGlobalSection
	GlobalSection(ProjectConfigurationPlatforms) = postSolution
		{D3B35948-724D-461B-811A-68CC436394B8}.Debug|Any CPU.ActiveCfg = Debug|Any CPU
		{D3B35948-724D-461B-811A-68CC436394B8}.Debug|Any CPU.Build.0 = Debug|Any CPU
		{D3B35948-724D-461B-811A-68CC436394B8}.Release|Any CPU.ActiveCfg = Release|Any CPU
		{D3B35948-724D-461B-811A-68CC436394B8}.Release|Any CPU.Build.0 = Release|Any CPU
	EndGlobalSection
	GlobalSection(SolutionProperties) = preSolution
		HideSolutionNode = FALSE
	EndGlobalSection
	GlobalSection(NestedProjects) = preSolution
		{D3B35948-724D-461B-811A-68CC436394B8} = {EB778074-BF7E-446C-B99D-F573E3D63BAE}
	EndGlobalSection
	GlobalSection(ExtensibilityGlobals) = postSolution
		SolutionGuid = {A2CBAC4F-17AA-4693-8C2E-7BA145AAF253}
	EndGlobalSection
EndGlobal
